
Microsoft Visual Studio Solution File, Format Version 12.00
# Visual Studio Version 17
VisualStudioVersion = 17.7.34031.279
MinimumVisualStudioVersion = 10.0.40219.1
Project("{2150E333-8FDC-42A3-9474-1A3956D46DE8}") = "Domains", "Domains", "{3E660797-5186-4937-9179-4B486F8ACF87}"
EndProject
Project("{2150E333-8FDC-42A3-9474-1A3956D46DE8}") = "Share", "Share", "{B7611297-7E2C-4F68-8E28-7CD4CD2158BD}"
EndProject
Project("{9A19103F-16F7-4668-BE54-9A1E7A4F7556}") = "Common", "Domains\Share\Common\Common.csproj", "{02F18AA8-F955-4D5D-876D-51A37FFB2E17}"
EndProject
Project("{9A19103F-16F7-4668-BE54-9A1E7A4F7556}") = "Common.Model", "Domains\Share\Common.Model\Common.Model.csproj", "{F3A575B7-BD31-42EA-A8D9-59604BAE1721}"
EndProject
Project("{9A19103F-16F7-4668-BE54-9A1E7A4F7556}") = "DBContext", "Domains\Share\DBContext\DBContext.csproj", "{64BB839C-2C30-4C76-97E7-9020897DC75E}"
EndProject
Project("{9A19103F-16F7-4668-BE54-9A1E7A4F7556}") = "MongoDB.Common", "Domains\Share\MongoDB.Common\MongoDB.Common.csproj", "{3803997B-8433-43BC-84C0-B5CB472DECD7}"
EndProject
Project("{9A19103F-16F7-4668-BE54-9A1E7A4F7556}") = "Domain.Test", "Domains\Domain.Test\Domain.Test.csproj", "{27C10D04-554E-4505-98A3-CACB2A412FB8}"
EndProject
Project("{2150E333-8FDC-42A3-9474-1A3956D46DE8}") = "TestServices", "TestServices", "{0B22AF66-E46E-4F14-B9DD-2505415938FE}"
EndProject
Project("{2150E333-8FDC-42A3-9474-1A3956D46DE8}") = "APIs", "APIs", "{F26354E9-8D86-40DA-B969-5F2FDC7FD1AD}"
EndProject
Project("{9A19103F-16F7-4668-BE54-9A1E7A4F7556}") = "Service.Test.API", "TestServices\APIs\Service.Test.API\Service.Test.API.csproj", "{721AD1B4-BAC7-4AA3-BEBA-1BF62120C40C}"
EndProject
Global
	GlobalSection(SolutionConfigurationPlatforms) = preSolution
		Debug|Any CPU = Debug|Any CPU
		Release|Any CPU = Release|Any CPU
	EndGlobalSection
	GlobalSection(ProjectConfigurationPlatforms) = postSolution
		{02F18AA8-F955-4D5D-876D-51A37FFB2E17}.Debug|Any CPU.ActiveCfg = Debug|Any CPU
		{02F18AA8-F955-4D5D-876D-51A37FFB2E17}.Debug|Any CPU.Build.0 = Debug|Any CPU
		{02F18AA8-F955-4D5D-876D-51A37FFB2E17}.Release|Any CPU.ActiveCfg = Release|Any CPU
		{02F18AA8-F955-4D5D-876D-51A37FFB2E17}.Release|Any CPU.Build.0 = Release|Any CPU
		{F3A575B7-BD31-42EA-A8D9-59604BAE1721}.Debug|Any CPU.ActiveCfg = Debug|Any CPU
		{F3A575B7-BD31-42EA-A8D9-59604BAE1721}.Debug|Any CPU.Build.0 = Debug|Any CPU
		{F3A575B7-BD31-42EA-A8D9-59604BAE1721}.Release|Any CPU.ActiveCfg = Release|Any CPU
		{F3A575B7-BD31-42EA-A8D9-59604BAE1721}.Release|Any CPU.Build.0 = Release|Any CPU
		{64BB839C-2C30-4C76-97E7-9020897DC75E}.Debug|Any CPU.ActiveCfg = Debug|Any CPU
		{64BB839C-2C30-4C76-97E7-9020897DC75E}.Debug|Any CPU.Build.0 = Debug|Any CPU
		{64BB839C-2C30-4C76-97E7-9020897DC75E}.Release|Any CPU.ActiveCfg = Release|Any CPU
		{64BB839C-2C30-4C76-97E7-9020897DC75E}.Release|Any CPU.Build.0 = Release|Any CPU
		{3803997B-8433-43BC-84C0-B5CB472DECD7}.Debug|Any CPU.ActiveCfg = Debug|Any CPU
		{3803997B-8433-43BC-84C0-B5CB472DECD7}.Debug|Any CPU.Build.0 = Debug|Any CPU
		{3803997B-8433-43BC-84C0-B5CB472DECD7}.Release|Any CPU.ActiveCfg = Release|Any CPU
		{3803997B-8433-43BC-84C0-B5CB472DECD7}.Release|Any CPU.Build.0 = Release|Any CPU
		{27C10D04-554E-4505-98A3-CACB2A412FB8}.Debug|Any CPU.ActiveCfg = Debug|Any CPU
		{27C10D04-554E-4505-98A3-CACB2A412FB8}.Debug|Any CPU.Build.0 = Debug|Any CPU
		{27C10D04-554E-4505-98A3-CACB2A412FB8}.Release|Any CPU.ActiveCfg = Release|Any CPU
		{27C10D04-554E-4505-98A3-CACB2A412FB8}.Release|Any CPU.Build.0 = Release|Any CPU
		{721AD1B4-BAC7-4AA3-BEBA-1BF62120C40C}.Debug|Any CPU.ActiveCfg = Debug|Any CPU
		{721AD1B4-BAC7-4AA3-BEBA-1BF62120C40C}.Debug|Any CPU.Build.0 = Debug|Any CPU
		{721AD1B4-BAC7-4AA3-BEBA-1BF62120C40C}.Release|Any CPU.ActiveCfg = Release|Any CPU
		{721AD1B4-BAC7-4AA3-BEBA-1BF62120C40C}.Release|Any CPU.Build.0 = Release|Any CPU
	EndGlobalSection
	GlobalSection(SolutionProperties) = preSolution
		HideSolutionNode = FALSE
	EndGlobalSection
	GlobalSection(NestedProjects) = preSolution
		{B7611297-7E2C-4F68-8E28-7CD4CD2158BD} = {3E660797-5186-4937-9179-4B486F8ACF87}
		{02F18AA8-F955-4D5D-876D-51A37FFB2E17} = {B7611297-7E2C-4F68-8E28-7CD4CD2158BD}
		{F3A575B7-BD31-42EA-A8D9-59604BAE1721} = {B7611297-7E2C-4F68-8E28-7CD4CD2158BD}
		{64BB839C-2C30-4C76-97E7-9020897DC75E} = {B7611297-7E2C-4F68-8E28-7CD4CD2158BD}
		{3803997B-8433-43BC-84C0-B5CB472DECD7} = {B7611297-7E2C-4F68-8E28-7CD4CD2158BD}
		{27C10D04-554E-4505-98A3-CACB2A412FB8} = {3E660797-5186-4937-9179-4B486F8ACF87}
		{F26354E9-8D86-40DA-B969-5F2FDC7FD1AD} = {0B22AF66-E46E-4F14-B9DD-2505415938FE}
		{721AD1B4-BAC7-4AA3-BEBA-1BF62120C40C} = {F26354E9-8D86-40DA-B969-5F2FDC7FD1AD}
	EndGlobalSection
	GlobalSection(ExtensibilityGlobals) = postSolution
		SolutionGuid = {F8F34451-B2D3-4431-BA32-A8AAE85DC2E8}
	EndGlobalSection
EndGlobal
